
Microsoft Visual Studio Solution File, Format Version 12.00
# Visual Studio Version 17
VisualStudioVersion = 17.0.32014.148
MinimumVisualStudioVersion = 10.0.40219.1
Project("{FAE04EC0-301F-11D3-BF4B-00C04F79EFBC}") = "DB_First", "DB_First\DB_First.csproj", "{E303D638-93E6-40EA-8A74-006D5AA2B1ED}"
EndProject
Project("{FAE04EC0-301F-11D3-BF4B-00C04F79EFBC}") = "Code_First", "Code_First\Code_First.csproj", "{72C43AE8-93BB-496F-9DD8-9DD8DBFBCFF0}"
EndProject
Project("{9A19103F-16F7-4668-BE54-9A1E7A4F7556}") = "Code_First_Example", "Code_First_Example\Code_First_Example.csproj", "{BE19A7A4-66BC-4976-BB47-59416032D053}"
EndProject
Project("{9A19103F-16F7-4668-BE54-9A1E7A4F7556}") = "BankDatabase_Project.Infrastructure", "BankDatabase_Project.Infrastructure\BankDatabase_Project.Infrastructure.csproj", "{DFAEBE1D-8343-4C8A-9414-83E38299B412}"
EndProject
Project("{9A19103F-16F7-4668-BE54-9A1E7A4F7556}") = "BankaDatabase_Project.Models", "BankaDatabase_Project.Models\BankaDatabase_Project.Models.csproj", "{03C289F9-3111-482B-9D78-7E3F5DE7ECBC}"
EndProject
Project("{9A19103F-16F7-4668-BE54-9A1E7A4F7556}") = "BankaDatabase_Project.UserInterface(UI)", "BankaDatabase_Project.UserInterface(UI)\BankaDatabase_Project.UserInterface(UI).csproj", "{5DA755ED-5701-44B9-B1E1-CCAEAD3A781E}"
EndProject
Project("{FAE04EC0-301F-11D3-BF4B-00C04F79EFBC}") = "Dapper_BankDb_Project.Intfrastructure", "Dapper_BankDb_Project.Intfrastructure\Dapper_BankDb_Project.Intfrastructure.csproj", "{F6D104A4-360E-4D36-B2F7-FBF1570AF1F7}"
EndProject
Project("{FAE04EC0-301F-11D3-BF4B-00C04F79EFBC}") = "Dapper_BankDb_Project.Models", "Dapper_BankDb_Project.Models\Dapper_BankDb_Project.Models.csproj", "{05ED2152-8ABC-4988-B6DA-A7A853092E72}"
EndProject
Project("{FAE04EC0-301F-11D3-BF4B-00C04F79EFBC}") = "Dapper_BankDb_Project.UserInterface", "Dapper_BankDb_Project.UserInterface\Dapper_BankDb_Project.UserInterface.csproj", "{89220282-5639-4327-844A-31C749F8F9B9}"
EndProject
Global
	GlobalSection(SolutionConfigurationPlatforms) = preSolution
		Debug|Any CPU = Debug|Any CPU
		Release|Any CPU = Release|Any CPU
	EndGlobalSection
	GlobalSection(ProjectConfigurationPlatforms) = postSolution
		{E303D638-93E6-40EA-8A74-006D5AA2B1ED}.Debug|Any CPU.ActiveCfg = Debug|Any CPU
		{E303D638-93E6-40EA-8A74-006D5AA2B1ED}.Debug|Any CPU.Build.0 = Debug|Any CPU
		{E303D638-93E6-40EA-8A74-006D5AA2B1ED}.Release|Any CPU.ActiveCfg = Release|Any CPU
		{E303D638-93E6-40EA-8A74-006D5AA2B1ED}.Release|Any CPU.Build.0 = Release|Any CPU
		{72C43AE8-93BB-496F-9DD8-9DD8DBFBCFF0}.Debug|Any CPU.ActiveCfg = Debug|Any CPU
		{72C43AE8-93BB-496F-9DD8-9DD8DBFBCFF0}.Debug|Any CPU.Build.0 = Debug|Any CPU
		{72C43AE8-93BB-496F-9DD8-9DD8DBFBCFF0}.Release|Any CPU.ActiveCfg = Release|Any CPU
		{72C43AE8-93BB-496F-9DD8-9DD8DBFBCFF0}.Release|Any CPU.Build.0 = Release|Any CPU
		{BE19A7A4-66BC-4976-BB47-59416032D053}.Debug|Any CPU.ActiveCfg = Debug|Any CPU
		{BE19A7A4-66BC-4976-BB47-59416032D053}.Debug|Any CPU.Build.0 = Debug|Any CPU
		{BE19A7A4-66BC-4976-BB47-59416032D053}.Release|Any CPU.ActiveCfg = Release|Any CPU
		{BE19A7A4-66BC-4976-BB47-59416032D053}.Release|Any CPU.Build.0 = Release|Any CPU
		{DFAEBE1D-8343-4C8A-9414-83E38299B412}.Debug|Any CPU.ActiveCfg = Debug|Any CPU
		{DFAEBE1D-8343-4C8A-9414-83E38299B412}.Debug|Any CPU.Build.0 = Debug|Any CPU
		{DFAEBE1D-8343-4C8A-9414-83E38299B412}.Release|Any CPU.ActiveCfg = Release|Any CPU
		{DFAEBE1D-8343-4C8A-9414-83E38299B412}.Release|Any CPU.Build.0 = Release|Any CPU
		{03C289F9-3111-482B-9D78-7E3F5DE7ECBC}.Debug|Any CPU.ActiveCfg = Debug|Any CPU
		{03C289F9-3111-482B-9D78-7E3F5DE7ECBC}.Debug|Any CPU.Build.0 = Debug|Any CPU
		{03C289F9-3111-482B-9D78-7E3F5DE7ECBC}.Release|Any CPU.ActiveCfg = Release|Any CPU
		{03C289F9-3111-482B-9D78-7E3F5DE7ECBC}.Release|Any CPU.Build.0 = Release|Any CPU
		{5DA755ED-5701-44B9-B1E1-CCAEAD3A781E}.Debug|Any CPU.ActiveCfg = Debug|Any CPU
		{5DA755ED-5701-44B9-B1E1-CCAEAD3A781E}.Debug|Any CPU.Build.0 = Debug|Any CPU
		{5DA755ED-5701-44B9-B1E1-CCAEAD3A781E}.Release|Any CPU.ActiveCfg = Release|Any CPU
		{5DA755ED-5701-44B9-B1E1-CCAEAD3A781E}.Release|Any CPU.Build.0 = Release|Any CPU
		{F6D104A4-360E-4D36-B2F7-FBF1570AF1F7}.Debug|Any CPU.ActiveCfg = Debug|Any CPU
		{F6D104A4-360E-4D36-B2F7-FBF1570AF1F7}.Debug|Any CPU.Build.0 = Debug|Any CPU
		{F6D104A4-360E-4D36-B2F7-FBF1570AF1F7}.Release|Any CPU.ActiveCfg = Release|Any CPU
		{F6D104A4-360E-4D36-B2F7-FBF1570AF1F7}.Release|Any CPU.Build.0 = Release|Any CPU
		{05ED2152-8ABC-4988-B6DA-A7A853092E72}.Debug|Any CPU.ActiveCfg = Debug|Any CPU
		{05ED2152-8ABC-4988-B6DA-A7A853092E72}.Debug|Any CPU.Build.0 = Debug|Any CPU
		{05ED2152-8ABC-4988-B6DA-A7A853092E72}.Release|Any CPU.ActiveCfg = Release|Any CPU
		{05ED2152-8ABC-4988-B6DA-A7A853092E72}.Release|Any CPU.Build.0 = Release|Any CPU
		{89220282-5639-4327-844A-31C749F8F9B9}.Debug|Any CPU.ActiveCfg = Debug|Any CPU
		{89220282-5639-4327-844A-31C749F8F9B9}.Debug|Any CPU.Build.0 = Debug|Any CPU
		{89220282-5639-4327-844A-31C749F8F9B9}.Release|Any CPU.ActiveCfg = Release|Any CPU
		{89220282-5639-4327-844A-31C749F8F9B9}.Release|Any CPU.Build.0 = Release|Any CPU
	EndGlobalSection
	GlobalSection(SolutionProperties) = preSolution
		HideSolutionNode = FALSE
	EndGlobalSection
	GlobalSection(ExtensibilityGlobals) = postSolution
		SolutionGuid = {87FAB660-4B2A-45BC-B71A-02C851C1205A}
	EndGlobalSection
EndGlobal
