
Microsoft Visual Studio Solution File, Format Version 12.00
# Visual Studio Version 17
VisualStudioVersion = 17.0.32014.148
MinimumVisualStudioVersion = 10.0.40219.1
Project("{FAE04EC0-301F-11D3-BF4B-00C04F79EFBC}") = "DB_First", "DB_First\DB_First.csproj", "{E303D638-93E6-40EA-8A74-006D5AA2B1ED}"
EndProject
Project("{FAE04EC0-301F-11D3-BF4B-00C04F79EFBC}") = "CODE_FİRST", "CODE_FİRST\CODE_FİRST.csproj", "{7FB81BF8-03E7-4075-AE17-E057D591F33D}"
EndProject
Global
	GlobalSection(SolutionConfigurationPlatforms) = preSolution
		Debug|Any CPU = Debug|Any CPU
		Release|Any CPU = Release|Any CPU
	EndGlobalSection
	GlobalSection(ProjectConfigurationPlatforms) = postSolution
		{E303D638-93E6-40EA-8A74-006D5AA2B1ED}.Debug|Any CPU.ActiveCfg = Debug|Any CPU
		{E303D638-93E6-40EA-8A74-006D5AA2B1ED}.Debug|Any CPU.Build.0 = Debug|Any CPU
		{E303D638-93E6-40EA-8A74-006D5AA2B1ED}.Release|Any CPU.ActiveCfg = Release|Any CPU
		{E303D638-93E6-40EA-8A74-006D5AA2B1ED}.Release|Any CPU.Build.0 = Release|Any CPU
		{7FB81BF8-03E7-4075-AE17-E057D591F33D}.Debug|Any CPU.ActiveCfg = Debug|Any CPU
		{7FB81BF8-03E7-4075-AE17-E057D591F33D}.Debug|Any CPU.Build.0 = Debug|Any CPU
		{7FB81BF8-03E7-4075-AE17-E057D591F33D}.Release|Any CPU.ActiveCfg = Release|Any CPU
		{7FB81BF8-03E7-4075-AE17-E057D591F33D}.Release|Any CPU.Build.0 = Release|Any CPU
	EndGlobalSection
	GlobalSection(SolutionProperties) = preSolution
		HideSolutionNode = FALSE
	EndGlobalSection
	GlobalSection(ExtensibilityGlobals) = postSolution
		SolutionGuid = {87FAB660-4B2A-45BC-B71A-02C851C1205A}
	EndGlobalSection
EndGlobal
